
Microsoft Visual Studio Solution File, Format Version 12.00
# Visual Studio 14
VisualStudioVersion = 14.0.24720.0
MinimumVisualStudioVersion = 10.0.40219.1
Project("{8BC9CEB8-8B4A-11D0-8D11-00A0C91BC942}") = "parser", "parser\parser.vcxproj", "{3A2EAF7D-80AE-4BB2-9401-A107CC0D0104}"
EndProject
Project("{8BC9CEB8-8B4A-11D0-8D11-00A0C91BC942}") = "gtest", "gtest\gtest.vcxproj", "{C8F6C172-56F2-4E76-B5FA-C3B423B31BE7}"
EndProject
Project("{8BC9CEB8-8B4A-11D0-8D11-00A0C91BC942}") = "parser.tests", "parser.tests\parser.tests.vcxproj", "{9FE549ED-4013-4161-A83D-21C8D172A318}"
EndProject
Global
	GlobalSection(SolutionConfigurationPlatforms) = preSolution
		Debug|Any CPU = Debug|Any CPU
		Debug|Win32 = Debug|Win32
		Release|Any CPU = Release|Any CPU
		Release|Win32 = Release|Win32
	EndGlobalSection
	GlobalSection(ProjectConfigurationPlatforms) = postSolution
		{3A2EAF7D-80AE-4BB2-9401-A107CC0D0104}.Debug|Any CPU.ActiveCfg = Debug|Win32
		{3A2EAF7D-80AE-4BB2-9401-A107CC0D0104}.Debug|Win32.ActiveCfg = Debug|Win32
		{3A2EAF7D-80AE-4BB2-9401-A107CC0D0104}.Debug|Win32.Build.0 = Debug|Win32
		{3A2EAF7D-80AE-4BB2-9401-A107CC0D0104}.Release|Any CPU.ActiveCfg = Release|Win32
		{3A2EAF7D-80AE-4BB2-9401-A107CC0D0104}.Release|Win32.ActiveCfg = Release|Win32
		{3A2EAF7D-80AE-4BB2-9401-A107CC0D0104}.Release|Win32.Build.0 = Release|Win32
		{C8F6C172-56F2-4E76-B5FA-C3B423B31BE7}.Debug|Any CPU.ActiveCfg = Debug|Win32
		{C8F6C172-56F2-4E76-B5FA-C3B423B31BE7}.Debug|Win32.ActiveCfg = Debug|Win32
		{C8F6C172-56F2-4E76-B5FA-C3B423B31BE7}.Debug|Win32.Build.0 = Debug|Win32
		{C8F6C172-56F2-4E76-B5FA-C3B423B31BE7}.Release|Any CPU.ActiveCfg = Release|Win32
		{C8F6C172-56F2-4E76-B5FA-C3B423B31BE7}.Release|Win32.ActiveCfg = Release|Win32
		{C8F6C172-56F2-4E76-B5FA-C3B423B31BE7}.Release|Win32.Build.0 = Release|Win32
		{9FE549ED-4013-4161-A83D-21C8D172A318}.Debug|Any CPU.ActiveCfg = Debug|Win32
		{9FE549ED-4013-4161-A83D-21C8D172A318}.Debug|Win32.ActiveCfg = Debug|Win32
		{9FE549ED-4013-4161-A83D-21C8D172A318}.Debug|Win32.Build.0 = Debug|Win32
		{9FE549ED-4013-4161-A83D-21C8D172A318}.Release|Any CPU.ActiveCfg = Release|Win32
		{9FE549ED-4013-4161-A83D-21C8D172A318}.Release|Win32.ActiveCfg = Release|Win32
		{9FE549ED-4013-4161-A83D-21C8D172A318}.Release|Win32.Build.0 = Release|Win32
	EndGlobalSection
	GlobalSection(SolutionProperties) = preSolution
		HideSolutionNode = FALSE
	EndGlobalSection
EndGlobal
